
Microsoft Visual Studio Solution File, Format Version 12.00
# Visual Studio Version 17
VisualStudioVersion = 17.14.36301.6 d17.14
MinimumVisualStudioVersion = 10.0.40219.1
Project("{FAE04EC0-301F-11D3-BF4B-00C04F79EFBC}") = "DrinksInfo", "DrinksInfo\DrinksInfo.csproj", "{96C7D69D-B0DC-4966-88F0-3A0D4BF5A36F}"
EndProject
Global
	GlobalSection(SolutionConfigurationPlatforms) = preSolution
		Debug|Any CPU = Debug|Any CPU
		Release|Any CPU = Release|Any CPU
	EndGlobalSection
	GlobalSection(ProjectConfigurationPlatforms) = postSolution
		{96C7D69D-B0DC-4966-88F0-3A0D4BF5A36F}.Debug|Any CPU.ActiveCfg = Debug|Any CPU
		{96C7D69D-B0DC-4966-88F0-3A0D4BF5A36F}.Debug|Any CPU.Build.0 = Debug|Any CPU
		{96C7D69D-B0DC-4966-88F0-3A0D4BF5A36F}.Release|Any CPU.ActiveCfg = Release|Any CPU
		{96C7D69D-B0DC-4966-88F0-3A0D4BF5A36F}.Release|Any CPU.Build.0 = Release|Any CPU
	EndGlobalSection
	GlobalSection(SolutionProperties) = preSolution
		HideSolutionNode = FALSE
	EndGlobalSection
	GlobalSection(ExtensibilityGlobals) = postSolution
		SolutionGuid = {651AEF23-47CD-470B-8959-276251C194A9}
	EndGlobalSection
EndGlobal
